<?xml version="1.0" encoding="utf-8"?>
<Project ToolsVersion="4.0" xmlns="http://schemas.microsoft.com/developer/msbuild/2003">
  <ItemGroup>
    <Filter Include="animation">
      <UniqueIdentifier>{ED251C6F-2315-2F96-1BBF-9DEE9BE5092B}</UniqueIdentifier>
    </Filter>
    <Filter Include="audio">
      <UniqueIdentifier>{580BCAA5-3294-8B4F-B54B-B9FFFAD29D1E}</UniqueIdentifier>
    </Filter>
    <Filter Include="base">
      <UniqueIdentifier>{DE163659-3315-0F0C-B2D5-5E55410BF994}</UniqueIdentifier>
    </Filter>
    <Filter Include="camerawork">
      <UniqueIdentifier>{2AE49CFD-3C03-E663-688F-7B4302CB3B84}</UniqueIdentifier>
    </Filter>
    <Filter Include="camerawork\base">
      <UniqueIdentifier>{E102FD5A-274C-40B4-6508-018F54C30ECE}</UniqueIdentifier>
    </Filter>
    <Filter Include="camerawork\debug">
      <UniqueIdentifier>{133CE9F4-407D-891E-7827-7029F7276484}</UniqueIdentifier>
    </Filter>
    <Filter Include="camerawork\follow">
      <UniqueIdentifier>{85F977FB-C617-5178-0FC4-83332130ED8C}</UniqueIdentifier>
    </Filter>
    <Filter Include="camerawork\orbit">
      <UniqueIdentifier>{FA51E626-CA32-693B-5A83-5A63C22BAEC9}</UniqueIdentifier>
    </Filter>
    <Filter Include="camerawork\spline">
      <UniqueIdentifier>{034E9709-B82B-60DF-F839-DE92786DEF26}</UniqueIdentifier>
    </Filter>
    <Filter Include="camerawork\topdown">
      <UniqueIdentifier>{36A28273-A28A-DE9A-D3B7-8E579F0E471C}</UniqueIdentifier>
    </Filter>
    <Filter Include="ecs">
      <UniqueIdentifier>{0193B22E-8611-EE4B-B409-E946751215B1}</UniqueIdentifier>
    </Filter>
    <Filter Include="ecs\components">
      <UniqueIdentifier>{05D83E4A-8D5D-73AE-1DE0-2C663F37364E}</UniqueIdentifier>
    </Filter>
    <Filter Include="ecs\debug">
      <UniqueIdentifier>{93CB145A-551C-E8BD-EA96-6311AFA9C0EF}</UniqueIdentifier>
    </Filter>
    <Filter Include="ecs\system">
      <UniqueIdentifier>{56DF663B-266D-AFB4-5208-CFCDD0D769BE}</UniqueIdentifier>
    </Filter>
    <Filter Include="effects">
      <UniqueIdentifier>{C587B32B-0E1F-ABBD-53CC-485D53694D37}</UniqueIdentifier>
    </Filter>
    <Filter Include="effects\particle">
      <UniqueIdentifier>{E417CC2B-D7B8-CA28-B048-5F5F5A4FD2DF}</UniqueIdentifier>
    </Filter>
    <Filter Include="effects\particle\dynamic">
      <UniqueIdentifier>{665DA392-E3B0-177D-C517-CAFF8D7BF33A}</UniqueIdentifier>
    </Filter>
    <Filter Include="effects\particle\editor">
      <UniqueIdentifier>{8E381EA4-5DF0-240F-AD33-EAF60C6D2C84}</UniqueIdentifier>
    </Filter>
    <Filter Include="effects\particle\gpu">
      <UniqueIdentifier>{EB65DBBF-732F-1E8E-4B68-18C61284A531}</UniqueIdentifier>
    </Filter>
    <Filter Include="effects\particle\module">
      <UniqueIdentifier>{953E53BE-1011-9B7D-E06D-436455D6FB64}</UniqueIdentifier>
    </Filter>
    <Filter Include="effects\particle\module\spawn">
      <UniqueIdentifier>{0C8E5228-FB29-6D55-6397-8602FF084E3F}</UniqueIdentifier>
    </Filter>
    <Filter Include="effects\particle\module\update">
      <UniqueIdentifier>{5030915B-8AC9-9FCE-DCAA-3AAA55089582}</UniqueIdentifier>
    </Filter>
    <Filter Include="effects\particle\primitive">
      <UniqueIdentifier>{E8E6124A-7C59-5CAF-0C80-161B97C4AECA}</UniqueIdentifier>
    </Filter>
    <Filter Include="effects\particle\renderer">
      <UniqueIdentifier>{D26F2BFB-781B-BCA3-F98D-EFC1F49B87EE}</UniqueIdentifier>
    </Filter>
    <Filter Include="effects\particle\serialization">
      <UniqueIdentifier>{6E5551C0-AFF4-5903-4FB6-15F85AFACA8E}</UniqueIdentifier>
    </Filter>
    <Filter Include="effects\postprocess">
      <UniqueIdentifier>{87567338-B551-3C71-0BA5-22204342FCB0}</UniqueIdentifier>
    </Filter>
    <Filter Include="effects\postprocess\base">
      <UniqueIdentifier>{55EC7A5C-A72F-CF42-C46F-503FBDD218F3}</UniqueIdentifier>
    </Filter>
    <Filter Include="framework">
      <UniqueIdentifier>{DC576475-F185-5034-B3DF-BA2CBC1465E5}</UniqueIdentifier>
    </Filter>
    <Filter Include="gameobject">
      <UniqueIdentifier>{5242FE77-4E2F-0251-6545-8111A6DB2382}</UniqueIdentifier>
    </Filter>
    <Filter Include="gameobject\base">
      <UniqueIdentifier>{EE3DAFE2-D6D0-BB9A-A85A-E8F03C45A385}</UniqueIdentifier>
    </Filter>
    <Filter Include="gameobject\component">
      <UniqueIdentifier>{27DE8F67-50F5-62C8-3050-C8AD830AB54F}</UniqueIdentifier>
    </Filter>
    <Filter Include="gameobject\component\base">
      <UniqueIdentifier>{CD48CB88-DD2E-278F-0646-5616E2554B64}</UniqueIdentifier>
    </Filter>
    <Filter Include="gameobject\component\collision">
      <UniqueIdentifier>{0BF4CDBB-E0D3-C0F2-A002-EABFE1C27DD0}</UniqueIdentifier>
    </Filter>
    <Filter Include="gameobject\manager">
      <UniqueIdentifier>{22B4094A-9F6E-4316-B156-B33340B14893}</UniqueIdentifier>
    </Filter>
    <Filter Include="graphics">
      <UniqueIdentifier>{2D47B073-0643-0391-642F-FA07997FF20A}</UniqueIdentifier>
    </Filter>
    <Filter Include="graphics\2d">
      <UniqueIdentifier>{F6565E11-F4C9-D8AF-6A4B-505C88C3AACF}</UniqueIdentifier>
    </Filter>
    <Filter Include="graphics\3d">
      <UniqueIdentifier>{36D116A8-47E3-B4FB-434B-3641275D8ECE}</UniqueIdentifier>
    </Filter>
    <Filter Include="graphics\deferred">
      <UniqueIdentifier>{50F04704-CE59-CEB6-C68A-260CF06D550F}</UniqueIdentifier>
    </Filter>
    <Filter Include="graphics\shadow">
      <UniqueIdentifier>{3A021D8D-4742-54AF-F5C8-42FC7426344F}</UniqueIdentifier>
    </Filter>
    <Filter Include="input">
      <UniqueIdentifier>{0A1B3CA4-3AA5-900C-8810-C06AB1FF3967}</UniqueIdentifier>
    </Filter>
    <Filter Include="jsonEditor">
      <UniqueIdentifier>{B964069D-9D21-57B2-B320-954772B8E237}</UniqueIdentifier>
    </Filter>
    <Filter Include="light">
      <UniqueIdentifier>{A43AC42A-F43B-F973-A9C0-9B4B608619D3}</UniqueIdentifier>
    </Filter>
    <Filter Include="line">
      <UniqueIdentifier>{69C63864-D0E0-98DE-E692-9C2CC0FAC474}</UniqueIdentifier>
    </Filter>
    <Filter Include="manager">
      <UniqueIdentifier>{C258021D-0A44-198D-E716-292B231E3190}</UniqueIdentifier>
    </Filter>
    <Filter Include="manager\editor">
      <UniqueIdentifier>{D154248E-515D-7950-7A02-F588A8FAF450}</UniqueIdentifier>
    </Filter>
    <Filter Include="manager\effect">
      <UniqueIdentifier>{00F45623-B1F9-ABD7-EF51-4BAD5F8306C7}</UniqueIdentifier>
    </Filter>
    <Filter Include="manager\graphics">
      <UniqueIdentifier>{643B32CD-7132-DBBB-2AAA-2397872E2464}</UniqueIdentifier>
    </Filter>
    <Filter Include="manager\scene">
      <UniqueIdentifier>{D939B566-F256-E4AC-8886-031B73B124D1}</UniqueIdentifier>
    </Filter>
    <Filter Include="manager\system">
      <UniqueIdentifier>{AFB496F9-9DE7-847F-7BB4-926C665374E2}</UniqueIdentifier>
    </Filter>
    <Filter Include="math">
      <UniqueIdentifier>{9E6E677E-3B66-40EB-FD13-3F5EE24487C2}</UniqueIdentifier>
    </Filter>
    <Filter Include="scene">
      <UniqueIdentifier>{4B607F1E-4186-DE5A-94E1-5FEF8627609B}</UniqueIdentifier>
    </Filter>
    <Filter Include="scene\factory">
      <UniqueIdentifier>{BD82BADC-1C2E-65EA-A4F9-998E5069BEBC}</UniqueIdentifier>
    </Filter>
    <Filter Include="scene\interface">
      <UniqueIdentifier>{1BF3A113-94C4-60FF-425A-C129E9DF08EA}</UniqueIdentifier>
    </Filter>
    <Filter Include="scene\manager">
      <UniqueIdentifier>{72F9E7D2-E454-B61E-0BA0-A6E729EACF9C}</UniqueIdentifier>
    </Filter>
    <Filter Include="time">
      <UniqueIdentifier>{4B69CC07-3F9B-36C6-710F-A08B6922C42B}</UniqueIdentifier>
    </Filter>
  </ItemGroup>
  <ItemGroup>
    <ClCompile Include="animation\Animator.cpp">
      <Filter>animation</Filter>
    </ClCompile>
    <ClCompile Include="audio\Audio.cpp">
      <Filter>audio</Filter>
    </ClCompile>
    <ClCompile Include="base\Camera.cpp">
      <Filter>base</Filter>
    </ClCompile>
    <ClCompile Include="base\D3DResourceLeakChecker.cpp">
      <Filter>base</Filter>
    </ClCompile>
    <ClCompile Include="base\DirectXCommon.cpp">
      <Filter>base</Filter>
    </ClCompile>
    <ClCompile Include="base\Logger.cpp">
      <Filter>base</Filter>
    </ClCompile>
    <ClCompile Include="base\ObjectPool.cpp">
      <Filter>base</Filter>
    </ClCompile>
    <ClCompile Include="base\PostProcessPass.cpp">
      <Filter>base</Filter>
    </ClCompile>
    <ClCompile Include="base\RenderTexture.cpp">
      <Filter>base</Filter>
    </ClCompile>
    <ClCompile Include="base\StringUtility.cpp">
      <Filter>base</Filter>
    </ClCompile>
    <ClCompile Include="base\WinApp.cpp">
      <Filter>base</Filter>
    </ClCompile>
    <ClCompile Include="camerawork\debug\DebugCamera.cpp">
      <Filter>camerawork\debug</Filter>
    </ClCompile>
    <ClCompile Include="camerawork\follow\FollowCamera.cpp">
      <Filter>camerawork\follow</Filter>
    </ClCompile>
    <ClCompile Include="camerawork\orbit\OrbitCameraWork.cpp">
      <Filter>camerawork\orbit</Filter>
    </ClCompile>
    <ClCompile Include="camerawork\spline\Spline.cpp">
      <Filter>camerawork\spline</Filter>
    </ClCompile>
    <ClCompile Include="camerawork\spline\SplineCamera.cpp">
      <Filter>camerawork\spline</Filter>
    </ClCompile>
    <ClCompile Include="camerawork\spline\SplineData.cpp">
      <Filter>camerawork\spline</Filter>
    </ClCompile>
    <ClCompile Include="camerawork\topdown\TopDownCamera.cpp">
      <Filter>camerawork\topdown</Filter>
    </ClCompile>
    <ClCompile Include="ecs\debug\EcsInspector.cpp">
      <Filter>ecs\debug</Filter>
    </ClCompile>
    <ClCompile Include="ecs\EcsDebugViewer.cpp">
      <Filter>ecs</Filter>
    </ClCompile>
    <ClCompile Include="ecs\Registry.cpp">
      <Filter>ecs</Filter>
    </ClCompile>
    <ClCompile Include="ecs\system\CollisionSystem.cpp">
      <Filter>ecs\system</Filter>
    </ClCompile>
    <ClCompile Include="ecs\system\HierarchySystem.cpp">
      <Filter>ecs\system</Filter>
    </ClCompile>
    <ClCompile Include="ecs\system\InstancedRenderSystem.cpp">
      <Filter>ecs\system</Filter>
    </ClCompile>
    <ClCompile Include="ecs\system\LifetimeSystem.cpp">
      <Filter>ecs\system</Filter>
    </ClCompile>
    <ClCompile Include="ecs\system\MovementSystem.cpp">
      <Filter>ecs\system</Filter>
    </ClCompile>
    <ClCompile Include="ecs\system\Object3dSystem.cpp">
      <Filter>ecs\system</Filter>
    </ClCompile>
    <ClCompile Include="ecs\system\SystemManager.cpp">
      <Filter>ecs\system</Filter>
    </ClCompile>
    <ClCompile Include="effects\particle\editor\ParticleEditor.cpp">
      <Filter>effects\particle\editor</Filter>
    </ClCompile>
    <ClCompile Include="effects\particle\gpu\GPUParticlePipeline.cpp">
      <Filter>effects\particle\gpu</Filter>
    </ClCompile>
    <ClCompile Include="effects\particle\gpu\GPUSimulator.cpp">
      <Filter>effects\particle\gpu</Filter>
    </ClCompile>
    <ClCompile Include="effects\particle\module\spawn\SubEmitterModule.cpp">
      <Filter>effects\particle\module\spawn</Filter>
    </ClCompile>
    <ClCompile Include="effects\particle\ParticleEffect.cpp">
      <Filter>effects\particle</Filter>
    </ClCompile>
    <ClCompile Include="effects\particle\ParticleEmitter.cpp">
      <Filter>effects\particle</Filter>
    </ClCompile>
    <ClCompile Include="effects\particle\ParticleManager.cpp">
      <Filter>effects\particle</Filter>
    </ClCompile>
    <ClCompile Include="effects\particle\primitive\PrimitiveGenerator.cpp">
      <Filter>effects\particle\primitive</Filter>
    </ClCompile>
    <ClCompile Include="effects\particle\renderer\MeshRenderer.cpp">
      <Filter>effects\particle\renderer</Filter>
    </ClCompile>
    <ClCompile Include="effects\particle\renderer\SpriteRenderer.cpp">
      <Filter>effects\particle\renderer</Filter>
    </ClCompile>
    <ClCompile Include="effects\particle\renderer\TrailRenderer.cpp">
      <Filter>effects\particle\renderer</Filter>
    </ClCompile>
    <ClCompile Include="effects\particle\serialization\ParticleEffectSerializer.cpp">
      <Filter>effects\particle\serialization</Filter>
    </ClCompile>
    <ClCompile Include="effects\postprocess\base\BasePostEffect.cpp">
      <Filter>effects\postprocess\base</Filter>
    </ClCompile>
    <ClCompile Include="effects\postprocess\BloomEffect.cpp">
      <Filter>effects\postprocess</Filter>
    </ClCompile>
    <ClCompile Include="effects\postprocess\CRTEffect.cpp">
      <Filter>effects\postprocess</Filter>
    </ClCompile>
    <ClCompile Include="effects\postprocess\GrayscaleEffect.cpp">
      <Filter>effects\postprocess</Filter>
    </ClCompile>
    <ClCompile Include="effects\postprocess\NoiseEffect.cpp">
      <Filter>effects\postprocess</Filter>
    </ClCompile>
    <ClCompile Include="effects\postprocess\VignetteEffect.cpp">
      <Filter>effects\postprocess</Filter>
    </ClCompile>
    <ClCompile Include="framework\Framework.cpp">
      <Filter>framework</Filter>
    </ClCompile>
    <ClCompile Include="gameobject\base\GameObject.cpp">
      <Filter>gameobject\base</Filter>
    </ClCompile>
    <ClCompile Include="gameobject\component\base\ICollisionComponent.cpp">
      <Filter>gameobject\component\base</Filter>
    </ClCompile>
    <ClCompile Include="gameobject\component\collision\AABBColliderComponent.cpp">
      <Filter>gameobject\component\collision</Filter>
    </ClCompile>
    <ClCompile Include="gameobject\component\collision\CollisionAlgorithm.cpp">
      <Filter>gameobject\component\collision</Filter>
    </ClCompile>
    <ClCompile Include="gameobject\component\collision\CollisionManager.cpp">
      <Filter>gameobject\component\collision</Filter>
    </ClCompile>
    <ClCompile Include="gameobject\component\collision\CollisionUtils.cpp">
      <Filter>gameobject\component\collision</Filter>
    </ClCompile>
    <ClCompile Include="gameobject\component\collision\OBBColliderComponent.cpp">
      <Filter>gameobject\component\collision</Filter>
    </ClCompile>
    <ClCompile Include="gameobject\component\collision\RayColliderComponent.cpp">
      <Filter>gameobject\component\collision</Filter>
    </ClCompile>
    <ClCompile Include="gameobject\component\collision\SphereColliderComponent.cpp">
      <Filter>gameobject\component\collision</Filter>
    </ClCompile>
    <ClCompile Include="gameobject\manager\GameObjectManager.cpp">
      <Filter>gameobject\manager</Filter>
    </ClCompile>
    <ClCompile Include="graphics\2d\FontSprite.cpp">
      <Filter>graphics\2d</Filter>
    </ClCompile>
    <ClCompile Include="graphics\2d\NumberSprite.cpp">
      <Filter>graphics\2d</Filter>
    </ClCompile>
    <ClCompile Include="graphics\2d\Sprite.cpp">
      <Filter>graphics\2d</Filter>
    </ClCompile>
    <ClCompile Include="graphics\2d\SpriteCommon.cpp">
      <Filter>graphics\2d</Filter>
    </ClCompile>
    <ClCompile Include="graphics\3d\InstancedModelRenderer.cpp">
      <Filter>graphics\3d</Filter>
    </ClCompile>
    <ClCompile Include="graphics\3d\Model.cpp">
      <Filter>graphics\3d</Filter>
    </ClCompile>
    <ClCompile Include="graphics\3d\ModelCommon.cpp">
      <Filter>graphics\3d</Filter>
    </ClCompile>
    <ClCompile Include="graphics\3d\Object3d.cpp">
      <Filter>graphics\3d</Filter>
    </ClCompile>
    <ClCompile Include="graphics\3d\Object3dCommon.cpp">
      <Filter>graphics\3d</Filter>
    </ClCompile>
    <ClCompile Include="graphics\3d\SkinnedModel.cpp">
      <Filter>graphics\3d</Filter>
    </ClCompile>
    <ClCompile Include="graphics\3d\SkinnedObject3d.cpp">
      <Filter>graphics\3d</Filter>
    </ClCompile>
    <ClCompile Include="graphics\3d\SkinningCompute.cpp">
      <Filter>graphics\3d</Filter>
    </ClCompile>
    <ClCompile Include="graphics\3d\Skybox.cpp">
      <Filter>graphics\3d</Filter>
    </ClCompile>
    <ClCompile Include="graphics\deferred\DeferredRenderer.cpp">
      <Filter>graphics\deferred</Filter>
    </ClCompile>
    <ClCompile Include="graphics\deferred\GBuffer.cpp">
      <Filter>graphics\deferred</Filter>
    </ClCompile>
    <ClCompile Include="graphics\deferred\GBufferPipeline.cpp">
      <Filter>graphics\deferred</Filter>
    </ClCompile>
    <ClCompile Include="graphics\deferred\LightPassPipeline.cpp">
      <Filter>graphics\deferred</Filter>
    </ClCompile>
    <ClCompile Include="graphics\shadow\ShadowMapPipeline.cpp">
      <Filter>graphics\shadow</Filter>
    </ClCompile>
    <ClCompile Include="graphics\shadow\ShadowSystem.cpp">
      <Filter>graphics\shadow</Filter>
    </ClCompile>
    <ClCompile Include="input\Input.cpp">
      <Filter>input</Filter>
    </ClCompile>
    <ClCompile Include="jsonEditor\JsonEditableBase.cpp">
      <Filter>jsonEditor</Filter>
    </ClCompile>
    <ClCompile Include="jsonEditor\JsonEditorImGuiUtils.cpp">
      <Filter>jsonEditor</Filter>
    </ClCompile>
    <ClCompile Include="jsonEditor\JsonSerialization.cpp">
      <Filter>jsonEditor</Filter>
    </ClCompile>
    <ClCompile Include="line\Line.cpp">
      <Filter>line</Filter>
    </ClCompile>
    <ClCompile Include="line\LineCommon.cpp">
      <Filter>line</Filter>
    </ClCompile>
    <ClCompile Include="manager\editor\ConsoleLog.cpp">
      <Filter>manager\editor</Filter>
    </ClCompile>
    <ClCompile Include="manager\editor\DebugUIManager.cpp">
      <Filter>manager\editor</Filter>
    </ClCompile>
    <ClCompile Include="manager\editor\GameObjectEditor.cpp">
      <Filter>manager\editor</Filter>
    </ClCompile>
    <ClCompile Include="manager\editor\ImGuiManager.cpp">
      <Filter>manager\editor</Filter>
    </ClCompile>
    <ClCompile Include="manager\editor\JsonEditor.cpp">
      <Filter>manager\editor</Filter>
    </ClCompile>
    <ClCompile Include="manager\effect\ParticlePipelineManager.cpp">
      <Filter>manager\effect</Filter>
    </ClCompile>
    <ClCompile Include="manager\effect\PostProcessManager.cpp">
      <Filter>manager\effect</Filter>
    </ClCompile>
    <ClCompile Include="manager\graphics\InstancedModelPipelineManager.cpp">
      <Filter>manager\graphics</Filter>
    </ClCompile>
    <ClCompile Include="manager\graphics\LineManager.cpp">
      <Filter>manager\graphics</Filter>
    </ClCompile>
    <ClCompile Include="manager\graphics\ModelManager.cpp">
      <Filter>manager\graphics</Filter>
    </ClCompile>
    <ClCompile Include="manager\graphics\ShadowMapManager.cpp">
      <Filter>manager\graphics</Filter>
    </ClCompile>
    <ClCompile Include="manager\graphics\SkinnedModelManager.cpp">
      <Filter>manager\graphics</Filter>
    </ClCompile>
    <ClCompile Include="manager\graphics\SkinningPipelineManager.cpp">
      <Filter>manager\graphics</Filter>
    </ClCompile>
    <ClCompile Include="manager\graphics\TextureManager.cpp">
      <Filter>manager\graphics</Filter>
    </ClCompile>
    <ClCompile Include="manager\scene\CameraManager.cpp">
      <Filter>manager\scene</Filter>
    </ClCompile>
    <ClCompile Include="manager\scene\LightManager.cpp">
      <Filter>manager\scene</Filter>
    </ClCompile>
    <ClCompile Include="manager\system\SrvManager.cpp">
      <Filter>manager\system</Filter>
    </ClCompile>
    <ClCompile Include="math\MathUtils.cpp">
      <Filter>math</Filter>
    </ClCompile>
    <ClCompile Include="scene\factory\SceneFactory.cpp">
      <Filter>scene\factory</Filter>
    </ClCompile>
    <ClCompile Include="scene\manager\SceneManager.cpp">
      <Filter>scene\manager</Filter>
    </ClCompile>
    <ClCompile Include="scene\MyGame.cpp">
      <Filter>scene</Filter>
    </ClCompile>
    <ClCompile Include="time\TimeManager.cpp">
      <Filter>time</Filter>
    </ClCompile>
    <ClCompile Include="time\Timer.cpp">
      <Filter>time</Filter>
    </ClCompile>
    <ClCompile Include="time\TimerManager.cpp">
      <Filter>time</Filter>
    </ClCompile>
  </ItemGroup>
  <ItemGroup>
    <ClInclude Include="animation\Animator.h">
      <Filter>animation</Filter>
    </ClInclude>
    <ClInclude Include="audio\Audio.h">
      <Filter>audio</Filter>
    </ClInclude>
    <ClInclude Include="base\Camera.h">
      <Filter>base</Filter>
    </ClInclude>
    <ClInclude Include="base\D3DResourceLeakChecker.h">
      <Filter>base</Filter>
    </ClInclude>
    <ClInclude Include="base\DirectXCommon.h">
      <Filter>base</Filter>
    </ClInclude>
    <ClInclude Include="base\GraphicsTypes.h">
      <Filter>base</Filter>
    </ClInclude>
    <ClInclude Include="base\Logger.h">
      <Filter>base</Filter>
    </ClInclude>
    <ClInclude Include="base\ObjectPool.h">
      <Filter>base</Filter>
    </ClInclude>
    <ClInclude Include="base\PostProcessPass.h">
      <Filter>base</Filter>
    </ClInclude>
    <ClInclude Include="base\RenderTexture.h">
      <Filter>base</Filter>
    </ClInclude>
    <ClInclude Include="base\StringUtility.h">
      <Filter>base</Filter>
    </ClInclude>
    <ClInclude Include="base\WinApp.h">
      <Filter>base</Filter>
    </ClInclude>
    <ClInclude Include="camerawork\base\CameraWorkBase.h">
      <Filter>camerawork\base</Filter>
    </ClInclude>
    <ClInclude Include="camerawork\debug\DebugCamera.h">
      <Filter>camerawork\debug</Filter>
    </ClInclude>
    <ClInclude Include="camerawork\follow\FollowCamera.h">
      <Filter>camerawork\follow</Filter>
    </ClInclude>
    <ClInclude Include="camerawork\orbit\OrbitCameraWork.h">
      <Filter>camerawork\orbit</Filter>
    </ClInclude>
    <ClInclude Include="camerawork\spline\Spline.h">
      <Filter>camerawork\spline</Filter>
    </ClInclude>
    <ClInclude Include="camerawork\spline\SplineCamera.h">
      <Filter>camerawork\spline</Filter>
    </ClInclude>
    <ClInclude Include="camerawork\spline\SplineData.h">
      <Filter>camerawork\spline</Filter>
    </ClInclude>
    <ClInclude Include="camerawork\topdown\TopDownCamera.h">
      <Filter>camerawork\topdown</Filter>
    </ClInclude>
    <ClInclude Include="ecs\ComponentArray.h">
      <Filter>ecs</Filter>
    </ClInclude>
    <ClInclude Include="ecs\components\ColliderComponent.h">
      <Filter>ecs\components</Filter>
    </ClInclude>
    <ClInclude Include="ecs\components\CollisionResponseComponent.h">
      <Filter>ecs\components</Filter>
    </ClInclude>
    <ClInclude Include="ecs\components\HierarchyComponent.h">
      <Filter>ecs\components</Filter>
    </ClInclude>
    <ClInclude Include="ecs\components\InstancedRenderComponent.h">
      <Filter>ecs\components</Filter>
    </ClInclude>
    <ClInclude Include="ecs\components\LifetimeComponent.h">
      <Filter>ecs\components</Filter>
    </ClInclude>
    <ClInclude Include="ecs\components\MovementComponent.h">
      <Filter>ecs\components</Filter>
    </ClInclude>
    <ClInclude Include="ecs\components\Object3dComponent.h">
      <Filter>ecs\components</Filter>
    </ClInclude>
    <ClInclude Include="ecs\components\TagComponent.h">
      <Filter>ecs\components</Filter>
    </ClInclude>
    <ClInclude Include="ecs\components\TransformComponent.h">
      <Filter>ecs\components</Filter>
    </ClInclude>
    <ClInclude Include="ecs\components\VelocityComponent.h">
      <Filter>ecs\components</Filter>
    </ClInclude>
    <ClInclude Include="ecs\components\WorldBoundaryComponent.h">
      <Filter>ecs\components</Filter>
    </ClInclude>
    <ClInclude Include="ecs\debug\EcsInspector.h">
      <Filter>ecs\debug</Filter>
    </ClInclude>
    <ClInclude Include="ecs\EcsDebugViewer.h">
      <Filter>ecs</Filter>
    </ClInclude>
    <ClInclude Include="ecs\Entity.h">
      <Filter>ecs</Filter>
    </ClInclude>
    <ClInclude Include="ecs\EntityBuilder.h">
      <Filter>ecs</Filter>
    </ClInclude>
    <ClInclude Include="ecs\EntityView.h">
      <Filter>ecs</Filter>
    </ClInclude>
    <ClInclude Include="ecs\Registry.h">
      <Filter>ecs</Filter>
    </ClInclude>
    <ClInclude Include="ecs\system\CollisionSystem.h">
      <Filter>ecs\system</Filter>
    </ClInclude>
    <ClInclude Include="ecs\system\HierarchySystem.h">
      <Filter>ecs\system</Filter>
    </ClInclude>
    <ClInclude Include="ecs\system\InstancedRenderSystem.h">
      <Filter>ecs\system</Filter>
    </ClInclude>
    <ClInclude Include="ecs\system\ISystem.h">
      <Filter>ecs\system</Filter>
    </ClInclude>
    <ClInclude Include="ecs\system\LifetimeSystem.h">
      <Filter>ecs\system</Filter>
    </ClInclude>
    <ClInclude Include="ecs\system\MovementSystem.h">
      <Filter>ecs\system</Filter>
    </ClInclude>
    <ClInclude Include="ecs\system\Object3dSystem.h">
      <Filter>ecs\system</Filter>
    </ClInclude>
    <ClInclude Include="ecs\system\SpatialPartition.h">
      <Filter>ecs\system</Filter>
    </ClInclude>
    <ClInclude Include="ecs\system\SystemManager.h">
      <Filter>ecs\system</Filter>
    </ClInclude>
    <ClInclude Include="effects\particle\dynamic\DynamicInput.h">
      <Filter>effects\particle\dynamic</Filter>
    </ClInclude>
    <ClInclude Include="effects\particle\editor\ParticleEditor.h">
      <Filter>effects\particle\editor</Filter>
    </ClInclude>
    <ClInclude Include="effects\particle\gpu\GPUParticlePipeline.h">
      <Filter>effects\particle\gpu</Filter>
    </ClInclude>
    <ClInclude Include="effects\particle\gpu\GPUSimulator.h">
      <Filter>effects\particle\gpu</Filter>
    </ClInclude>
    <ClInclude Include="effects\particle\module\IModule.h">
      <Filter>effects\particle\module</Filter>
    </ClInclude>
    <ClInclude Include="effects\particle\module\ModulePriorities.h">
      <Filter>effects\particle\module</Filter>
    </ClInclude>
    <ClInclude Include="effects\particle\module\spawn\InitialModules.h">
      <Filter>effects\particle\module\spawn</Filter>
    </ClInclude>
    <ClInclude Include="effects\particle\module\spawn\SpawnModules.h">
      <Filter>effects\particle\module\spawn</Filter>
    </ClInclude>
    <ClInclude Include="effects\particle\module\spawn\SpawnShapeModules.h">
      <Filter>effects\particle\module\spawn</Filter>
    </ClInclude>
    <ClInclude Include="effects\particle\module\spawn\SubEmitterModule.h">
      <Filter>effects\particle\module\spawn</Filter>
    </ClInclude>
    <ClInclude Include="effects\particle\module\update\AdvancedModules.h">
      <Filter>effects\particle\module\update</Filter>
    </ClInclude>
    <ClInclude Include="effects\particle\module\update\BehaviorModules.h">
      <Filter>effects\particle\module\update</Filter>
    </ClInclude>
    <ClInclude Include="effects\particle\module\update\ForceFieldModules.h">
      <Filter>effects\particle\module\update</Filter>
    </ClInclude>
    <ClInclude Include="effects\particle\module\update\MotionEffectModules.h">
      <Filter>effects\particle\module\update</Filter>
    </ClInclude>
    <ClInclude Include="effects\particle\module\update\NaturalBehaviorModules.h">
      <Filter>effects\particle\module\update</Filter>
    </ClInclude>
    <ClInclude Include="effects\particle\module\update\RibbonModules.h">
      <Filter>effects\particle\module\update</Filter>
    </ClInclude>
    <ClInclude Include="effects\particle\module\update\TextureSheetModule.h">
      <Filter>effects\particle\module\update</Filter>
    </ClInclude>
    <ClInclude Include="effects\particle\module\update\UpdateModules.h">
      <Filter>effects\particle\module\update</Filter>
    </ClInclude>
    <ClInclude Include="effects\particle\Particle.h">
      <Filter>effects\particle</Filter>
    </ClInclude>
    <ClInclude Include="effects\particle\ParticleEasing.h">
      <Filter>effects\particle</Filter>
    </ClInclude>
    <ClInclude Include="effects\particle\ParticleEffect.h">
      <Filter>effects\particle</Filter>
    </ClInclude>
    <ClInclude Include="effects\particle\ParticleEmitter.h">
      <Filter>effects\particle</Filter>
    </ClInclude>
    <ClInclude Include="effects\particle\ParticleManager.h">
      <Filter>effects\particle</Filter>
    </ClInclude>
    <ClInclude Include="effects\particle\ParticleTypes.h">
      <Filter>effects\particle</Filter>
    </ClInclude>
    <ClInclude Include="effects\particle\primitive\PrimitiveGenerator.h">
      <Filter>effects\particle\primitive</Filter>
    </ClInclude>
    <ClInclude Include="effects\particle\renderer\IRenderer.h">
      <Filter>effects\particle\renderer</Filter>
    </ClInclude>
    <ClInclude Include="effects\particle\renderer\MeshRenderer.h">
      <Filter>effects\particle\renderer</Filter>
    </ClInclude>
    <ClInclude Include="effects\particle\renderer\SpriteRenderer.h">
      <Filter>effects\particle\renderer</Filter>
    </ClInclude>
    <ClInclude Include="effects\particle\renderer\TrailRenderer.h">
      <Filter>effects\particle\renderer</Filter>
    </ClInclude>
    <ClInclude Include="effects\particle\serialization\ParticleEffectSerializer.h">
      <Filter>effects\particle\serialization</Filter>
    </ClInclude>
    <ClInclude Include="effects\postprocess\base\BasePostEffect.h">
      <Filter>effects\postprocess\base</Filter>
    </ClInclude>
    <ClInclude Include="effects\postprocess\BloomEffect.h">
      <Filter>effects\postprocess</Filter>
    </ClInclude>
    <ClInclude Include="effects\postprocess\CRTEffect.h">
      <Filter>effects\postprocess</Filter>
    </ClInclude>
    <ClInclude Include="effects\postprocess\GrayscaleEffect.h">
      <Filter>effects\postprocess</Filter>
    </ClInclude>
    <ClInclude Include="effects\postprocess\IPostEffect.h">
      <Filter>effects\postprocess</Filter>
    </ClInclude>
    <ClInclude Include="effects\postprocess\NoiseEffect.h">
      <Filter>effects\postprocess</Filter>
    </ClInclude>
    <ClInclude Include="effects\postprocess\VignetteEffect.h">
      <Filter>effects\postprocess</Filter>
    </ClInclude>
    <ClInclude Include="framework\Framework.h">
      <Filter>framework</Filter>
    </ClInclude>
    <ClInclude Include="gameobject\base\GameObject.h">
      <Filter>gameobject\base</Filter>
    </ClInclude>
    <ClInclude Include="gameobject\component\base\ComponentFactory.h">
      <Filter>gameobject\component\base</Filter>
    </ClInclude>
    <ClInclude Include="gameobject\component\base\IActionComponent.h">
      <Filter>gameobject\component\base</Filter>
    </ClInclude>
    <ClInclude Include="gameobject\component\base\ICollisionComponent.h">
      <Filter>gameobject\component\base</Filter>
    </ClInclude>
    <ClInclude Include="gameobject\component\base\IGameObjectComponent.h">
      <Filter>gameobject\component\base</Filter>
    </ClInclude>
    <ClInclude Include="gameobject\component\collision\AABBColliderComponent.h">
      <Filter>gameobject\component\collision</Filter>
    </ClInclude>
    <ClInclude Include="gameobject\component\collision\CollisionAlgorithm.h">
      <Filter>gameobject\component\collision</Filter>
    </ClInclude>
    <ClInclude Include="gameobject\component\collision\CollisionManager.h">
      <Filter>gameobject\component\collision</Filter>
    </ClInclude>
    <ClInclude Include="gameobject\component\collision\CollisionUtils.h">
      <Filter>gameobject\component\collision</Filter>
    </ClInclude>
    <ClInclude Include="gameobject\component\collision\OBBColliderComponent.h">
      <Filter>gameobject\component\collision</Filter>
    </ClInclude>
    <ClInclude Include="gameobject\component\collision\RayColliderComponent.h">
      <Filter>gameobject\component\collision</Filter>
    </ClInclude>
    <ClInclude Include="gameobject\component\collision\SphereColliderComponent.h">
      <Filter>gameobject\component\collision</Filter>
    </ClInclude>
    <ClInclude Include="gameobject\manager\GameObjectManager.h">
      <Filter>gameobject\manager</Filter>
    </ClInclude>
    <ClInclude Include="graphics\2d\FontSprite.h">
      <Filter>graphics\2d</Filter>
    </ClInclude>
    <ClInclude Include="graphics\2d\NumberSprite.h">
      <Filter>graphics\2d</Filter>
    </ClInclude>
    <ClInclude Include="graphics\2d\Sprite.h">
      <Filter>graphics\2d</Filter>
    </ClInclude>
    <ClInclude Include="graphics\2d\SpriteCommon.h">
      <Filter>graphics\2d</Filter>
    </ClInclude>
    <ClInclude Include="graphics\3d\InstancedModelRenderer.h">
      <Filter>graphics\3d</Filter>
    </ClInclude>
    <ClInclude Include="graphics\3d\IRenderable3d.h">
      <Filter>graphics\3d</Filter>
    </ClInclude>
    <ClInclude Include="graphics\3d\Model.h">
      <Filter>graphics\3d</Filter>
    </ClInclude>
    <ClInclude Include="graphics\3d\ModelCommon.h">
      <Filter>graphics\3d</Filter>
    </ClInclude>
    <ClInclude Include="graphics\3d\Object3d.h">
      <Filter>graphics\3d</Filter>
    </ClInclude>
    <ClInclude Include="graphics\3d\Object3dCommon.h">
      <Filter>graphics\3d</Filter>
    </ClInclude>
    <ClInclude Include="graphics\3d\SkinnedModel.h">
      <Filter>graphics\3d</Filter>
    </ClInclude>
    <ClInclude Include="graphics\3d\SkinnedObject3d.h">
      <Filter>graphics\3d</Filter>
    </ClInclude>
    <ClInclude Include="graphics\3d\SkinningCompute.h">
      <Filter>graphics\3d</Filter>
    </ClInclude>
    <ClInclude Include="graphics\3d\Skybox.h">
      <Filter>graphics\3d</Filter>
    </ClInclude>
    <ClInclude Include="graphics\deferred\DeferredRenderer.h">
      <Filter>graphics\deferred</Filter>
    </ClInclude>
    <ClInclude Include="graphics\deferred\GBuffer.h">
      <Filter>graphics\deferred</Filter>
    </ClInclude>
    <ClInclude Include="graphics\deferred\GBufferPipeline.h">
      <Filter>graphics\deferred</Filter>
    </ClInclude>
    <ClInclude Include="graphics\deferred\LightPassPipeline.h">
      <Filter>graphics\deferred</Filter>
    </ClInclude>
    <ClInclude Include="graphics\shadow\ShadowMap.h">
      <Filter>graphics\shadow</Filter>
    </ClInclude>
    <ClInclude Include="graphics\shadow\ShadowMapPipeline.h">
      <Filter>graphics\shadow</Filter>
    </ClInclude>
    <ClInclude Include="graphics\shadow\ShadowSystem.h">
      <Filter>graphics\shadow</Filter>
    </ClInclude>
    <ClInclude Include="input\Input.h">
      <Filter>input</Filter>
    </ClInclude>
    <ClInclude Include="jsonEditor\IJsonEditable.h">
      <Filter>jsonEditor</Filter>
    </ClInclude>
    <ClInclude Include="jsonEditor\JsonEditableBase.h">
      <Filter>jsonEditor</Filter>
    </ClInclude>
    <ClInclude Include="jsonEditor\JsonEditorImGuiUtils.h">
      <Filter>jsonEditor</Filter>
    </ClInclude>
    <ClInclude Include="jsonEditor\JsonSerialization.h">
      <Filter>jsonEditor</Filter>
    </ClInclude>
    <ClInclude Include="light\DirectionalLight.h">
      <Filter>light</Filter>
    </ClInclude>
    <ClInclude Include="light\LightConstants.h">
      <Filter>light</Filter>
    </ClInclude>
    <ClInclude Include="light\PointLight.h">
      <Filter>light</Filter>
    </ClInclude>
    <ClInclude Include="light\SpotLight.h">
      <Filter>light</Filter>
    </ClInclude>
    <ClInclude Include="line\Line.h">
      <Filter>line</Filter>
    </ClInclude>
    <ClInclude Include="line\LineCommon.h">
      <Filter>line</Filter>
    </ClInclude>
    <ClInclude Include="manager\editor\ConsoleLog.h">
      <Filter>manager\editor</Filter>
    </ClInclude>
    <ClInclude Include="manager\editor\DebugUIManager.h">
      <Filter>manager\editor</Filter>
    </ClInclude>
    <ClInclude Include="manager\editor\GameObjectEditor.h">
      <Filter>manager\editor</Filter>
    </ClInclude>
    <ClInclude Include="manager\editor\ImGuiManager.h">
      <Filter>manager\editor</Filter>
    </ClInclude>
    <ClInclude Include="manager\editor\JsonEditor.h">
      <Filter>manager\editor</Filter>
    </ClInclude>
    <ClInclude Include="manager\effect\ParticlePipelineManager.h">
      <Filter>manager\effect</Filter>
    </ClInclude>
    <ClInclude Include="manager\effect\PostProcessManager.h">
      <Filter>manager\effect</Filter>
    </ClInclude>
    <ClInclude Include="manager\graphics\InstancedModelPipelineManager.h">
      <Filter>manager\graphics</Filter>
    </ClInclude>
    <ClInclude Include="manager\graphics\LineManager.h">
      <Filter>manager\graphics</Filter>
    </ClInclude>
    <ClInclude Include="manager\graphics\ModelManager.h">
      <Filter>manager\graphics</Filter>
    </ClInclude>
    <ClInclude Include="manager\graphics\ShadowMapManager.h">
      <Filter>manager\graphics</Filter>
    </ClInclude>
    <ClInclude Include="manager\graphics\SkinnedModelManager.h">
      <Filter>manager\graphics</Filter>
    </ClInclude>
    <ClInclude Include="manager\graphics\SkinningPipelineManager.h">
      <Filter>manager\graphics</Filter>
    </ClInclude>
    <ClInclude Include="manager\graphics\TextureManager.h">
      <Filter>manager\graphics</Filter>
    </ClInclude>
    <ClInclude Include="manager\scene\CameraManager.h">
      <Filter>manager\scene</Filter>
    </ClInclude>
    <ClInclude Include="manager\scene\LightManager.h">
      <Filter>manager\scene</Filter>
    </ClInclude>
    <ClInclude Include="manager\system\SrvManager.h">
      <Filter>manager\system</Filter>
    </ClInclude>
    <ClInclude Include="math\AABB.h">
      <Filter>math</Filter>
    </ClInclude>
    <ClInclude Include="math\BlendMode.h">
      <Filter>math</Filter>
    </ClInclude>
    <ClInclude Include="math\Easing.h">
      <Filter>math</Filter>
    </ClInclude>
    <ClInclude Include="math\MathUtils.h">
      <Filter>math</Filter>
    </ClInclude>
    <ClInclude Include="math\MatrixFunc.h">
      <Filter>math</Filter>
    </ClInclude>
    <ClInclude Include="math\OBB.h">
      <Filter>math</Filter>
    </ClInclude>
    <ClInclude Include="math\Quaternion.h">
      <Filter>math</Filter>
    </ClInclude>
    <ClInclude Include="math\Ray.h">
      <Filter>math</Filter>
    </ClInclude>
    <ClInclude Include="math\Sphere.h">
      <Filter>math</Filter>
    </ClInclude>
    <ClInclude Include="math\Vector2.h">
      <Filter>math</Filter>
    </ClInclude>
    <ClInclude Include="math\Vector3.h">
      <Filter>math</Filter>
    </ClInclude>
    <ClInclude Include="math\Vector4.h">
      <Filter>math</Filter>
    </ClInclude>
    <ClInclude Include="math\VectorColorCodes.h">
      <Filter>math</Filter>
    </ClInclude>
    <ClInclude Include="scene\factory\SceneFactory.h">
      <Filter>scene\factory</Filter>
    </ClInclude>
    <ClInclude Include="scene\factory\SceneNames.h">
      <Filter>scene\factory</Filter>
    </ClInclude>
    <ClInclude Include="scene\interface\AbstractSceneFactory.h">
      <Filter>scene\interface</Filter>
    </ClInclude>
    <ClInclude Include="scene\interface\BaseScene.h">
      <Filter>scene\interface</Filter>
    </ClInclude>
    <ClInclude Include="scene\manager\SceneManager.h">
      <Filter>scene\manager</Filter>
    </ClInclude>
    <ClInclude Include="scene\MyGame.h">
      <Filter>scene</Filter>
    </ClInclude>
    <ClInclude Include="scene\SceneContext.h">
      <Filter>scene</Filter>
    </ClInclude>
    <ClInclude Include="time\TimeManager.h">
      <Filter>time</Filter>
    </ClInclude>
    <ClInclude Include="time\Timer.h">
      <Filter>time</Filter>
    </ClInclude>
    <ClInclude Include="time\TimerManager.h">
      <Filter>time</Filter>
    </ClInclude>
  </ItemGroup>
</Project>