<?xml version="1.0" encoding="utf-8"?>
<Project ToolsVersion="4.0" xmlns="http://schemas.microsoft.com/developer/msbuild/2003">
  <ItemGroup>
    <Filter Include="engine">
      <UniqueIdentifier>{b4b7dca0-e5cd-4cb7-91e9-b57d0eb13604}</UniqueIdentifier>
    </Filter>
    <Filter Include="engine\animation">
      <UniqueIdentifier>{f279d6d4-03f5-4795-b039-7b7425273768}</UniqueIdentifier>
    </Filter>
    <Filter Include="engine\audio">
      <UniqueIdentifier>{1ae4e478-ef5a-4615-a9a5-457016c356b5}</UniqueIdentifier>
    </Filter>
    <Filter Include="engine\base">
      <UniqueIdentifier>{51ab8a87-1729-45a4-8b2a-c96e16f75667}</UniqueIdentifier>
    </Filter>
    <Filter Include="engine\camerawork">
      <UniqueIdentifier>{da6c168a-a834-48be-bcb2-767b1014deec}</UniqueIdentifier>
    </Filter>
    <Filter Include="engine\camerawork\base">
      <UniqueIdentifier>{91102729-e30b-4f1c-a14d-155d224edefd}</UniqueIdentifier>
    </Filter>
    <Filter Include="engine\camerawork\debug">
      <UniqueIdentifier>{529d08f8-caf4-4231-a54f-858aa900781f}</UniqueIdentifier>
    </Filter>
    <Filter Include="engine\camerawork\follow">
      <UniqueIdentifier>{2e5afaa1-56b7-4c64-8713-3fc4bece5a77}</UniqueIdentifier>
    </Filter>
    <Filter Include="engine\camerawork\orbit">
      <UniqueIdentifier>{360b2e5d-433f-4dc8-ac2f-d4ae2e455be4}</UniqueIdentifier>
    </Filter>
    <Filter Include="engine\camerawork\spline">
      <UniqueIdentifier>{ef47861a-b74a-4141-8bef-363f6c31f385}</UniqueIdentifier>
    </Filter>
    <Filter Include="engine\camerawork\topdown">
      <UniqueIdentifier>{1b14f002-350b-479a-98b9-eed51445fdd5}</UniqueIdentifier>
    </Filter>
    <Filter Include="engine\ecs">
      <UniqueIdentifier>{db9fdc80-02da-429b-9be1-92595e45b0ea}</UniqueIdentifier>
    </Filter>
    <Filter Include="engine\ecs\components">
      <UniqueIdentifier>{c496c570-6571-4193-88f3-419d37fd4bb8}</UniqueIdentifier>
    </Filter>
    <Filter Include="engine\ecs\debug">
      <UniqueIdentifier>{97d6cb05-cf75-4983-9680-c80dfeace541}</UniqueIdentifier>
    </Filter>
    <Filter Include="engine\ecs\system">
      <UniqueIdentifier>{e28413bc-42a6-4ef0-9069-ac5563030fe5}</UniqueIdentifier>
    </Filter>
    <Filter Include="engine\effects">
      <UniqueIdentifier>{b162012e-6aa5-4eec-b620-3bad29734795}</UniqueIdentifier>
    </Filter>
    <Filter Include="engine\effects\particle">
      <UniqueIdentifier>{65b2e681-4d88-4397-ba9b-76ee5526047e}</UniqueIdentifier>
    </Filter>
    <Filter Include="engine\effects\particle\dynamic">
      <UniqueIdentifier>{536a66ef-b544-4f9e-b8fb-c9ec8878a310}</UniqueIdentifier>
    </Filter>
    <Filter Include="engine\effects\particle\editor">
      <UniqueIdentifier>{e715400c-727c-4ad2-a8b4-fbd1f69a2637}</UniqueIdentifier>
    </Filter>
    <Filter Include="engine\effects\particle\gpu">
      <UniqueIdentifier>{4d99bc81-af48-49c8-97b3-cf697a1eb4e0}</UniqueIdentifier>
    </Filter>
    <Filter Include="engine\effects\particle\module">
      <UniqueIdentifier>{7d8bc82d-62d9-4020-9184-5262afd79c44}</UniqueIdentifier>
    </Filter>
    <Filter Include="engine\effects\particle\module\spawn">
      <UniqueIdentifier>{77cac28f-cb97-4ddb-ad49-667af30ca76a}</UniqueIdentifier>
    </Filter>
    <Filter Include="engine\effects\particle\module\update">
      <UniqueIdentifier>{fd1b86d4-12cf-48bb-96e9-9a730d3c670d}</UniqueIdentifier>
    </Filter>
    <Filter Include="engine\effects\particle\primitive">
      <UniqueIdentifier>{177a0054-3689-4fbd-9896-49a044bf5ee3}</UniqueIdentifier>
    </Filter>
    <Filter Include="engine\effects\particle\renderer">
      <UniqueIdentifier>{60d40f79-08ab-41c1-965f-f9f342c1abad}</UniqueIdentifier>
    </Filter>
    <Filter Include="engine\effects\particle\serialization">
      <UniqueIdentifier>{d9159e72-d898-420e-b330-da7364b949bc}</UniqueIdentifier>
    </Filter>
    <Filter Include="engine\effects\postprocess">
      <UniqueIdentifier>{a26cbe4e-689d-4a9c-bcee-09d8c5b42adc}</UniqueIdentifier>
    </Filter>
    <Filter Include="engine\effects\postprocess\base">
      <UniqueIdentifier>{665d2da9-4db0-40da-8631-3b9901b2646e}</UniqueIdentifier>
    </Filter>
    <Filter Include="engine\framework">
      <UniqueIdentifier>{afcf177f-977d-4567-a9b4-3ba1ab915b5d}</UniqueIdentifier>
    </Filter>
    <Filter Include="engine\gameobject">
      <UniqueIdentifier>{c9e7595b-934d-4fbe-91cf-47c5e947951b}</UniqueIdentifier>
    </Filter>
    <Filter Include="engine\gameobject\base">
      <UniqueIdentifier>{7679bdbb-5c97-4464-80b3-d57128938d81}</UniqueIdentifier>
    </Filter>
    <Filter Include="engine\gameobject\component">
      <UniqueIdentifier>{d8d368fa-3206-42bf-bd9d-911c1a9e88e7}</UniqueIdentifier>
    </Filter>
    <Filter Include="engine\gameobject\component\base">
      <UniqueIdentifier>{55ceb31f-ebb0-41e5-86d2-84c62f382a3c}</UniqueIdentifier>
    </Filter>
    <Filter Include="engine\gameobject\component\collision">
      <UniqueIdentifier>{d1e096d4-0c9f-408b-9b8c-1cda088881d3}</UniqueIdentifier>
    </Filter>
    <Filter Include="engine\gameobject\manager">
      <UniqueIdentifier>{c8340f36-62a5-43d0-a473-186c63d72048}</UniqueIdentifier>
    </Filter>
    <Filter Include="engine\graphics">
      <UniqueIdentifier>{1878314d-66de-46af-9f9e-d4c026189711}</UniqueIdentifier>
    </Filter>
    <Filter Include="engine\graphics\2d">
      <UniqueIdentifier>{591508c4-5079-4096-813d-ba4ae3336ca0}</UniqueIdentifier>
    </Filter>
    <Filter Include="engine\graphics\3d">
      <UniqueIdentifier>{cb550ada-f475-4f6c-8324-7ef7b8cfbd7e}</UniqueIdentifier>
    </Filter>
    <Filter Include="engine\graphics\deferred">
      <UniqueIdentifier>{a8e04a42-349a-4d78-95b2-fde013eedddd}</UniqueIdentifier>
    </Filter>
    <Filter Include="engine\graphics\shadow">
      <UniqueIdentifier>{a2c6d4c0-8282-48bd-8845-8a3f30417683}</UniqueIdentifier>
    </Filter>
    <Filter Include="engine\input">
      <UniqueIdentifier>{0198210e-1ad9-43ee-93d8-9df600c50462}</UniqueIdentifier>
    </Filter>
    <Filter Include="engine\jsonEditor">
      <UniqueIdentifier>{9bf33e9b-56d5-4b43-abf0-175230982ea5}</UniqueIdentifier>
    </Filter>
    <Filter Include="engine\light">
      <UniqueIdentifier>{c7cfeeb8-2edc-40de-90bf-7d7a39e07ea0}</UniqueIdentifier>
    </Filter>
    <Filter Include="engine\line">
      <UniqueIdentifier>{07a34044-29ef-493a-bd83-7263b51c6cb7}</UniqueIdentifier>
    </Filter>
    <Filter Include="engine\manager">
      <UniqueIdentifier>{96dbc74b-c2b7-47aa-9ceb-239c160afc97}</UniqueIdentifier>
    </Filter>
    <Filter Include="engine\manager\editor">
      <UniqueIdentifier>{a361a722-9415-4ef5-9e99-59ca7ebff904}</UniqueIdentifier>
    </Filter>
    <Filter Include="engine\manager\effect">
      <UniqueIdentifier>{c22efb1f-6790-4baf-aec8-9a3e17bc8c7f}</UniqueIdentifier>
    </Filter>
    <Filter Include="engine\manager\graphics">
      <UniqueIdentifier>{51ed6d5d-9454-49fb-a9b3-736fbbcc745a}</UniqueIdentifier>
    </Filter>
    <Filter Include="engine\manager\scene">
      <UniqueIdentifier>{d8043e25-0b79-40d3-ab02-77428e00b779}</UniqueIdentifier>
    </Filter>
    <Filter Include="engine\manager\system">
      <UniqueIdentifier>{ebb595a1-2690-496e-b831-d7fe372e868d}</UniqueIdentifier>
    </Filter>
    <Filter Include="engine\math">
      <UniqueIdentifier>{8565b49e-4e7f-4dd8-8c63-ba2ce26c971a}</UniqueIdentifier>
    </Filter>
    <Filter Include="engine\scene">
      <UniqueIdentifier>{ac585a4e-3b95-462c-968a-3f0f3e654071}</UniqueIdentifier>
    </Filter>
    <Filter Include="engine\scene\factory">
      <UniqueIdentifier>{29358da9-c001-4a38-bd8b-94201c96f13c}</UniqueIdentifier>
    </Filter>
    <Filter Include="engine\scene\interface">
      <UniqueIdentifier>{327ccb3a-2029-4e6d-a7c6-78b1b941e8c7}</UniqueIdentifier>
    </Filter>
    <Filter Include="engine\scene\manager">
      <UniqueIdentifier>{3f5b42bd-29cb-4446-915f-3afd38f0a887}</UniqueIdentifier>
    </Filter>
    <Filter Include="engine\time">
      <UniqueIdentifier>{d7a68873-18df-4120-8769-d105c3160626}</UniqueIdentifier>
    </Filter>
  </ItemGroup>
  <ItemGroup>
    <ClCompile Include="..\project\engine\animation\Animator.cpp">
      <Filter>engine\animation</Filter>
    </ClCompile>
    <ClCompile Include="..\project\engine\audio\Audio.cpp">
      <Filter>engine\audio</Filter>
    </ClCompile>
    <ClCompile Include="..\project\engine\base\Camera.cpp">
      <Filter>engine\base</Filter>
    </ClCompile>
    <ClCompile Include="..\project\engine\base\D3DResourceLeakChecker.cpp">
      <Filter>engine\base</Filter>
    </ClCompile>
    <ClCompile Include="..\project\engine\base\DirectXCommon.cpp">
      <Filter>engine\base</Filter>
    </ClCompile>
    <ClCompile Include="..\project\engine\base\Logger.cpp">
      <Filter>engine\base</Filter>
    </ClCompile>
    <ClCompile Include="..\project\engine\base\ObjectPool.cpp">
      <Filter>engine\base</Filter>
    </ClCompile>
    <ClCompile Include="..\project\engine\base\PostProcessPass.cpp">
      <Filter>engine\base</Filter>
    </ClCompile>
    <ClCompile Include="..\project\engine\base\RenderTexture.cpp">
      <Filter>engine\base</Filter>
    </ClCompile>
    <ClCompile Include="..\project\engine\base\StringUtility.cpp">
      <Filter>engine\base</Filter>
    </ClCompile>
    <ClCompile Include="..\project\engine\base\WinApp.cpp">
      <Filter>engine\base</Filter>
    </ClCompile>
    <ClCompile Include="..\project\engine\camerawork\debug\DebugCamera.cpp">
      <Filter>engine\camerawork\debug</Filter>
    </ClCompile>
    <ClCompile Include="..\project\engine\camerawork\follow\FollowCamera.cpp">
      <Filter>engine\camerawork\follow</Filter>
    </ClCompile>
    <ClCompile Include="..\project\engine\camerawork\orbit\OrbitCameraWork.cpp">
      <Filter>engine\camerawork\orbit</Filter>
    </ClCompile>
    <ClCompile Include="..\project\engine\camerawork\spline\Spline.cpp">
      <Filter>engine\camerawork\spline</Filter>
    </ClCompile>
    <ClCompile Include="..\project\engine\camerawork\spline\SplineCamera.cpp">
      <Filter>engine\camerawork\spline</Filter>
    </ClCompile>
    <ClCompile Include="..\project\engine\camerawork\spline\SplineData.cpp">
      <Filter>engine\camerawork\spline</Filter>
    </ClCompile>
    <ClCompile Include="..\project\engine\camerawork\topdown\TopDownCamera.cpp">
      <Filter>engine\camerawork\topdown</Filter>
    </ClCompile>
    <ClCompile Include="..\project\engine\ecs\EcsDebugViewer.cpp">
      <Filter>engine\ecs</Filter>
    </ClCompile>
    <ClCompile Include="..\project\engine\ecs\Registry.cpp">
      <Filter>engine\ecs</Filter>
    </ClCompile>
    <ClCompile Include="..\project\engine\ecs\debug\EcsInspector.cpp">
      <Filter>engine\ecs\debug</Filter>
    </ClCompile>
    <ClCompile Include="..\project\engine\ecs\system\CollisionSystem.cpp">
      <Filter>engine\ecs\system</Filter>
    </ClCompile>
    <ClCompile Include="..\project\engine\ecs\system\EcsStatusSystem.cpp">
      <Filter>engine\ecs\system</Filter>
    </ClCompile>
    <ClCompile Include="..\project\engine\ecs\system\HierarchySystem.cpp">
      <Filter>engine\ecs\system</Filter>
    </ClCompile>
    <ClCompile Include="..\project\engine\ecs\system\InstancedRenderSystem.cpp">
      <Filter>engine\ecs\system</Filter>
    </ClCompile>
    <ClCompile Include="..\project\engine\ecs\system\LifetimeSystem.cpp">
      <Filter>engine\ecs\system</Filter>
    </ClCompile>
    <ClCompile Include="..\project\engine\ecs\system\MovementSystem.cpp">
      <Filter>engine\ecs\system</Filter>
    </ClCompile>
    <ClCompile Include="..\project\engine\ecs\system\Object3dSystem.cpp">
      <Filter>engine\ecs\system</Filter>
    </ClCompile>
    <ClCompile Include="..\project\engine\ecs\system\PlayerSystem.cpp">
      <Filter>engine\ecs\system</Filter>
    </ClCompile>
    <ClCompile Include="..\project\engine\ecs\system\SystemManager.cpp">
      <Filter>engine\ecs\system</Filter>
    </ClCompile>
    <ClCompile Include="..\project\engine\ecs\system\WorldBoundarySystem.cpp">
      <Filter>engine\ecs\system</Filter>
    </ClCompile>
    <ClCompile Include="..\project\engine\effects\particle\ParticleEffect.cpp">
      <Filter>engine\effects\particle</Filter>
    </ClCompile>
    <ClCompile Include="..\project\engine\effects\particle\ParticleEmitter.cpp">
      <Filter>engine\effects\particle</Filter>
    </ClCompile>
    <ClCompile Include="..\project\engine\effects\particle\ParticleManager.cpp">
      <Filter>engine\effects\particle</Filter>
    </ClCompile>
    <ClCompile Include="..\project\engine\effects\particle\editor\ParticleEditor.cpp">
      <Filter>engine\effects\particle\editor</Filter>
    </ClCompile>
    <ClCompile Include="..\project\engine\effects\particle\gpu\GPUParticlePipeline.cpp">
      <Filter>engine\effects\particle\gpu</Filter>
    </ClCompile>
    <ClCompile Include="..\project\engine\effects\particle\gpu\GPUSimulator.cpp">
      <Filter>engine\effects\particle\gpu</Filter>
    </ClCompile>
    <ClCompile Include="..\project\engine\effects\particle\module\spawn\SubEmitterModule.cpp">
      <Filter>engine\effects\particle\module\spawn</Filter>
    </ClCompile>
    <ClCompile Include="..\project\engine\effects\particle\primitive\PrimitiveGenerator.cpp">
      <Filter>engine\effects\particle\primitive</Filter>
    </ClCompile>
    <ClCompile Include="..\project\engine\effects\particle\renderer\MeshRenderer.cpp">
      <Filter>engine\effects\particle\renderer</Filter>
    </ClCompile>
    <ClCompile Include="..\project\engine\effects\particle\renderer\SpriteRenderer.cpp">
      <Filter>engine\effects\particle\renderer</Filter>
    </ClCompile>
    <ClCompile Include="..\project\engine\effects\particle\renderer\TrailRenderer.cpp">
      <Filter>engine\effects\particle\renderer</Filter>
    </ClCompile>
    <ClCompile Include="..\project\engine\effects\particle\serialization\ParticleEffectSerializer.cpp">
      <Filter>engine\effects\particle\serialization</Filter>
    </ClCompile>
    <ClCompile Include="..\project\engine\effects\postprocess\BloomEffect.cpp">
      <Filter>engine\effects\postprocess</Filter>
    </ClCompile>
    <ClCompile Include="..\project\engine\effects\postprocess\CRTEffect.cpp">
      <Filter>engine\effects\postprocess</Filter>
    </ClCompile>
    <ClCompile Include="..\project\engine\effects\postprocess\GrayscaleEffect.cpp">
      <Filter>engine\effects\postprocess</Filter>
    </ClCompile>
    <ClCompile Include="..\project\engine\effects\postprocess\NoiseEffect.cpp">
      <Filter>engine\effects\postprocess</Filter>
    </ClCompile>
    <ClCompile Include="..\project\engine\effects\postprocess\VignetteEffect.cpp">
      <Filter>engine\effects\postprocess</Filter>
    </ClCompile>
    <ClCompile Include="..\project\engine\effects\postprocess\base\BasePostEffect.cpp">
      <Filter>engine\effects\postprocess\base</Filter>
    </ClCompile>
    <ClCompile Include="..\project\engine\framework\Framework.cpp">
      <Filter>engine\framework</Filter>
    </ClCompile>
    <ClCompile Include="..\project\engine\gameobject\base\GameObject.cpp">
      <Filter>engine\gameobject\base</Filter>
    </ClCompile>
    <ClCompile Include="..\project\engine\gameobject\component\base\ICollisionComponent.cpp">
      <Filter>engine\gameobject\component\base</Filter>
    </ClCompile>
    <ClCompile Include="..\project\engine\gameobject\component\collision\AABBColliderComponent.cpp">
      <Filter>engine\gameobject\component\collision</Filter>
    </ClCompile>
    <ClCompile Include="..\project\engine\gameobject\component\collision\CollisionAlgorithm.cpp">
      <Filter>engine\gameobject\component\collision</Filter>
    </ClCompile>
    <ClCompile Include="..\project\engine\gameobject\component\collision\CollisionManager.cpp">
      <Filter>engine\gameobject\component\collision</Filter>
    </ClCompile>
    <ClCompile Include="..\project\engine\gameobject\component\collision\CollisionUtils.cpp">
      <Filter>engine\gameobject\component\collision</Filter>
    </ClCompile>
    <ClCompile Include="..\project\engine\gameobject\component\collision\OBBColliderComponent.cpp">
      <Filter>engine\gameobject\component\collision</Filter>
    </ClCompile>
    <ClCompile Include="..\project\engine\gameobject\component\collision\RayColliderComponent.cpp">
      <Filter>engine\gameobject\component\collision</Filter>
    </ClCompile>
    <ClCompile Include="..\project\engine\gameobject\component\collision\SphereColliderComponent.cpp">
      <Filter>engine\gameobject\component\collision</Filter>
    </ClCompile>
    <ClCompile Include="..\project\engine\gameobject\manager\GameObjectManager.cpp">
      <Filter>engine\gameobject\manager</Filter>
    </ClCompile>
    <ClCompile Include="..\project\engine\graphics\2d\FontSprite.cpp">
      <Filter>engine\graphics\2d</Filter>
    </ClCompile>
    <ClCompile Include="..\project\engine\graphics\2d\NumberSprite.cpp">
      <Filter>engine\graphics\2d</Filter>
    </ClCompile>
    <ClCompile Include="..\project\engine\graphics\2d\Sprite.cpp">
      <Filter>engine\graphics\2d</Filter>
    </ClCompile>
    <ClCompile Include="..\project\engine\graphics\2d\SpriteCommon.cpp">
      <Filter>engine\graphics\2d</Filter>
    </ClCompile>
    <ClCompile Include="..\project\engine\graphics\3d\InstancedModelRenderer.cpp">
      <Filter>engine\graphics\3d</Filter>
    </ClCompile>
    <ClCompile Include="..\project\engine\graphics\3d\Model.cpp">
      <Filter>engine\graphics\3d</Filter>
    </ClCompile>
    <ClCompile Include="..\project\engine\graphics\3d\ModelCommon.cpp">
      <Filter>engine\graphics\3d</Filter>
    </ClCompile>
    <ClCompile Include="..\project\engine\graphics\3d\Object3d.cpp">
      <Filter>engine\graphics\3d</Filter>
    </ClCompile>
    <ClCompile Include="..\project\engine\graphics\3d\Object3dCommon.cpp">
      <Filter>engine\graphics\3d</Filter>
    </ClCompile>
    <ClCompile Include="..\project\engine\graphics\3d\SkinnedModel.cpp">
      <Filter>engine\graphics\3d</Filter>
    </ClCompile>
    <ClCompile Include="..\project\engine\graphics\3d\SkinnedObject3d.cpp">
      <Filter>engine\graphics\3d</Filter>
    </ClCompile>
    <ClCompile Include="..\project\engine\graphics\3d\SkinningCompute.cpp">
      <Filter>engine\graphics\3d</Filter>
    </ClCompile>
    <ClCompile Include="..\project\engine\graphics\3d\Skybox.cpp">
      <Filter>engine\graphics\3d</Filter>
    </ClCompile>
    <ClCompile Include="..\project\engine\graphics\deferred\DeferredRenderer.cpp">
      <Filter>engine\graphics\deferred</Filter>
    </ClCompile>
    <ClCompile Include="..\project\engine\graphics\deferred\GBuffer.cpp">
      <Filter>engine\graphics\deferred</Filter>
    </ClCompile>
    <ClCompile Include="..\project\engine\graphics\deferred\GBufferPipeline.cpp">
      <Filter>engine\graphics\deferred</Filter>
    </ClCompile>
    <ClCompile Include="..\project\engine\graphics\deferred\LightPassPipeline.cpp">
      <Filter>engine\graphics\deferred</Filter>
    </ClCompile>
    <ClCompile Include="..\project\engine\graphics\shadow\ShadowMapPipeline.cpp">
      <Filter>engine\graphics\shadow</Filter>
    </ClCompile>
    <ClCompile Include="..\project\engine\graphics\shadow\ShadowSystem.cpp">
      <Filter>engine\graphics\shadow</Filter>
    </ClCompile>
    <ClCompile Include="..\project\engine\input\Input.cpp">
      <Filter>engine\input</Filter>
    </ClCompile>
    <ClCompile Include="..\project\engine\jsonEditor\JsonEditableBase.cpp">
      <Filter>engine\jsonEditor</Filter>
    </ClCompile>
    <ClCompile Include="..\project\engine\jsonEditor\JsonEditorImGuiUtils.cpp">
      <Filter>engine\jsonEditor</Filter>
    </ClCompile>
    <ClCompile Include="..\project\engine\jsonEditor\JsonSerialization.cpp">
      <Filter>engine\jsonEditor</Filter>
    </ClCompile>
    <ClCompile Include="..\project\engine\line\Line.cpp">
      <Filter>engine\line</Filter>
    </ClCompile>
    <ClCompile Include="..\project\engine\line\LineCommon.cpp">
      <Filter>engine\line</Filter>
    </ClCompile>
    <ClCompile Include="..\project\engine\manager\editor\ConsoleLog.cpp">
      <Filter>engine\manager\editor</Filter>
    </ClCompile>
    <ClCompile Include="..\project\engine\manager\editor\DebugUIManager.cpp">
      <Filter>engine\manager\editor</Filter>
    </ClCompile>
    <ClCompile Include="..\project\engine\manager\editor\GameObjectEditor.cpp">
      <Filter>engine\manager\editor</Filter>
    </ClCompile>
    <ClCompile Include="..\project\engine\manager\editor\ImGuiManager.cpp">
      <Filter>engine\manager\editor</Filter>
    </ClCompile>
    <ClCompile Include="..\project\engine\manager\editor\JsonEditor.cpp">
      <Filter>engine\manager\editor</Filter>
    </ClCompile>
    <ClCompile Include="..\project\engine\manager\effect\ParticlePipelineManager.cpp">
      <Filter>engine\manager\effect</Filter>
    </ClCompile>
    <ClCompile Include="..\project\engine\manager\effect\PostProcessManager.cpp">
      <Filter>engine\manager\effect</Filter>
    </ClCompile>
    <ClCompile Include="..\project\engine\manager\graphics\InstancedModelPipelineManager.cpp">
      <Filter>engine\manager\graphics</Filter>
    </ClCompile>
    <ClCompile Include="..\project\engine\manager\graphics\LineManager.cpp">
      <Filter>engine\manager\graphics</Filter>
    </ClCompile>
    <ClCompile Include="..\project\engine\manager\graphics\ModelManager.cpp">
      <Filter>engine\manager\graphics</Filter>
    </ClCompile>
    <ClCompile Include="..\project\engine\manager\graphics\ShadowMapManager.cpp">
      <Filter>engine\manager\graphics</Filter>
    </ClCompile>
    <ClCompile Include="..\project\engine\manager\graphics\SkinnedModelManager.cpp">
      <Filter>engine\manager\graphics</Filter>
    </ClCompile>
    <ClCompile Include="..\project\engine\manager\graphics\SkinningPipelineManager.cpp">
      <Filter>engine\manager\graphics</Filter>
    </ClCompile>
    <ClCompile Include="..\project\engine\manager\graphics\TextureManager.cpp">
      <Filter>engine\manager\graphics</Filter>
    </ClCompile>
    <ClCompile Include="..\project\engine\manager\scene\CameraManager.cpp">
      <Filter>engine\manager\scene</Filter>
    </ClCompile>
    <ClCompile Include="..\project\engine\manager\scene\LightManager.cpp">
      <Filter>engine\manager\scene</Filter>
    </ClCompile>
    <ClCompile Include="..\project\engine\manager\system\SrvManager.cpp">
      <Filter>engine\manager\system</Filter>
    </ClCompile>
    <ClCompile Include="..\project\engine\math\MathUtils.cpp">
      <Filter>engine\math</Filter>
    </ClCompile>
    <ClCompile Include="..\project\engine\scene\MyGame.cpp">
      <Filter>engine\scene</Filter>
    </ClCompile>
    <ClCompile Include="..\project\engine\scene\factory\SceneFactory.cpp">
      <Filter>engine\scene\factory</Filter>
    </ClCompile>
    <ClCompile Include="..\project\engine\scene\manager\SceneManager.cpp">
      <Filter>engine\scene\manager</Filter>
    </ClCompile>
    <ClCompile Include="..\project\engine\time\TimeManager.cpp">
      <Filter>engine\time</Filter>
    </ClCompile>
    <ClCompile Include="..\project\engine\time\Timer.cpp">
      <Filter>engine\time</Filter>
    </ClCompile>
    <ClCompile Include="..\project\engine\time\TimerManager.cpp">
      <Filter>engine\time</Filter>
    </ClCompile>
  </ItemGroup>
  <ItemGroup>
    <ClInclude Include="..\project\engine\animation\Animator.h">
      <Filter>engine\animation</Filter>
    </ClInclude>
    <ClInclude Include="..\project\engine\audio\Audio.h">
      <Filter>engine\audio</Filter>
    </ClInclude>
    <ClInclude Include="..\project\engine\base\Camera.h">
      <Filter>engine\base</Filter>
    </ClInclude>
    <ClInclude Include="..\project\engine\base\D3DResourceLeakChecker.h">
      <Filter>engine\base</Filter>
    </ClInclude>
    <ClInclude Include="..\project\engine\base\DirectXCommon.h">
      <Filter>engine\base</Filter>
    </ClInclude>
    <ClInclude Include="..\project\engine\base\GraphicsTypes.h">
      <Filter>engine\base</Filter>
    </ClInclude>
    <ClInclude Include="..\project\engine\base\Logger.h">
      <Filter>engine\base</Filter>
    </ClInclude>
    <ClInclude Include="..\project\engine\base\ObjectPool.h">
      <Filter>engine\base</Filter>
    </ClInclude>
    <ClInclude Include="..\project\engine\base\PostProcessPass.h">
      <Filter>engine\base</Filter>
    </ClInclude>
    <ClInclude Include="..\project\engine\base\RenderTexture.h">
      <Filter>engine\base</Filter>
    </ClInclude>
    <ClInclude Include="..\project\engine\base\StringUtility.h">
      <Filter>engine\base</Filter>
    </ClInclude>
    <ClInclude Include="..\project\engine\base\WinApp.h">
      <Filter>engine\base</Filter>
    </ClInclude>
    <ClInclude Include="..\project\engine\camerawork\base\CameraWorkBase.h">
      <Filter>engine\camerawork\base</Filter>
    </ClInclude>
    <ClInclude Include="..\project\engine\camerawork\debug\DebugCamera.h">
      <Filter>engine\camerawork\debug</Filter>
    </ClInclude>
    <ClInclude Include="..\project\engine\camerawork\follow\FollowCamera.h">
      <Filter>engine\camerawork\follow</Filter>
    </ClInclude>
    <ClInclude Include="..\project\engine\camerawork\orbit\OrbitCameraWork.h">
      <Filter>engine\camerawork\orbit</Filter>
    </ClInclude>
    <ClInclude Include="..\project\engine\camerawork\spline\Spline.h">
      <Filter>engine\camerawork\spline</Filter>
    </ClInclude>
    <ClInclude Include="..\project\engine\camerawork\spline\SplineCamera.h">
      <Filter>engine\camerawork\spline</Filter>
    </ClInclude>
    <ClInclude Include="..\project\engine\camerawork\spline\SplineData.h">
      <Filter>engine\camerawork\spline</Filter>
    </ClInclude>
    <ClInclude Include="..\project\engine\camerawork\topdown\TopDownCamera.h">
      <Filter>engine\camerawork\topdown</Filter>
    </ClInclude>
    <ClInclude Include="..\project\engine\ecs\ComponentArray.h">
      <Filter>engine\ecs</Filter>
    </ClInclude>
    <ClInclude Include="..\project\engine\ecs\EcsDebugViewer.h">
      <Filter>engine\ecs</Filter>
    </ClInclude>
    <ClInclude Include="..\project\engine\ecs\Entity.h">
      <Filter>engine\ecs</Filter>
    </ClInclude>
    <ClInclude Include="..\project\engine\ecs\EntityBuilder.h">
      <Filter>engine\ecs</Filter>
    </ClInclude>
    <ClInclude Include="..\project\engine\ecs\EntityView.h">
      <Filter>engine\ecs</Filter>
    </ClInclude>
    <ClInclude Include="..\project\engine\ecs\Registry.h">
      <Filter>engine\ecs</Filter>
    </ClInclude>
    <ClInclude Include="..\project\engine\ecs\components\ColliderComponent.h">
      <Filter>engine\ecs\components</Filter>
    </ClInclude>
    <ClInclude Include="..\project\engine\ecs\components\CollisionResponseComponent.h">
      <Filter>engine\ecs\components</Filter>
    </ClInclude>
    <ClInclude Include="..\project\engine\ecs\components\EnemyAIComponent.h">
      <Filter>engine\ecs\components</Filter>
    </ClInclude>
    <ClInclude Include="..\project\engine\ecs\components\HierarchyComponent.h">
      <Filter>engine\ecs\components</Filter>
    </ClInclude>
    <ClInclude Include="..\project\engine\ecs\components\InstancedRenderComponent.h">
      <Filter>engine\ecs\components</Filter>
    </ClInclude>
    <ClInclude Include="..\project\engine\ecs\components\LifetimeComponent.h">
      <Filter>engine\ecs\components</Filter>
    </ClInclude>
    <ClInclude Include="..\project\engine\ecs\components\MovementComponent.h">
      <Filter>engine\ecs\components</Filter>
    </ClInclude>
    <ClInclude Include="..\project\engine\ecs\components\Object3dComponent.h">
      <Filter>engine\ecs\components</Filter>
    </ClInclude>
    <ClInclude Include="..\project\engine\ecs\components\TagComponent.h">
      <Filter>engine\ecs\components</Filter>
    </ClInclude>
    <ClInclude Include="..\project\engine\ecs\components\TransformComponent.h">
      <Filter>engine\ecs\components</Filter>
    </ClInclude>
    <ClInclude Include="..\project\engine\ecs\components\VelocityComponent.h">
      <Filter>engine\ecs\components</Filter>
    </ClInclude>
    <ClInclude Include="..\project\engine\ecs\components\WorldBoundaryComponent.h">
      <Filter>engine\ecs\components</Filter>
    </ClInclude>
    <ClInclude Include="..\project\engine\ecs\debug\EcsInspector.h">
      <Filter>engine\ecs\debug</Filter>
    </ClInclude>
    <ClInclude Include="..\project\engine\ecs\system\CollisionSystem.h">
      <Filter>engine\ecs\system</Filter>
    </ClInclude>
    <ClInclude Include="..\project\engine\ecs\system\EcsStatusSystem.h">
      <Filter>engine\ecs\system</Filter>
    </ClInclude>
    <ClInclude Include="..\project\engine\ecs\system\HierarchySystem.h">
      <Filter>engine\ecs\system</Filter>
    </ClInclude>
    <ClInclude Include="..\project\engine\ecs\system\InstancedRenderSystem.h">
      <Filter>engine\ecs\system</Filter>
    </ClInclude>
    <ClInclude Include="..\project\engine\ecs\system\ISystem.h">
      <Filter>engine\ecs\system</Filter>
    </ClInclude>
    <ClInclude Include="..\project\engine\ecs\system\LifetimeSystem.h">
      <Filter>engine\ecs\system</Filter>
    </ClInclude>
    <ClInclude Include="..\project\engine\ecs\system\MovementSystem.h">
      <Filter>engine\ecs\system</Filter>
    </ClInclude>
    <ClInclude Include="..\project\engine\ecs\system\Object3dSystem.h">
      <Filter>engine\ecs\system</Filter>
    </ClInclude>
    <ClInclude Include="..\project\engine\ecs\system\PlayerSystem.h">
      <Filter>engine\ecs\system</Filter>
    </ClInclude>
    <ClInclude Include="..\project\engine\ecs\system\SpatialPartition.h">
      <Filter>engine\ecs\system</Filter>
    </ClInclude>
    <ClInclude Include="..\project\engine\ecs\system\SystemManager.h">
      <Filter>engine\ecs\system</Filter>
    </ClInclude>
    <ClInclude Include="..\project\engine\ecs\system\WorldBoundarySystem.h">
      <Filter>engine\ecs\system</Filter>
    </ClInclude>
    <ClInclude Include="..\project\engine\effects\particle\Particle.h">
      <Filter>engine\effects\particle</Filter>
    </ClInclude>
    <ClInclude Include="..\project\engine\effects\particle\ParticleEasing.h">
      <Filter>engine\effects\particle</Filter>
    </ClInclude>
    <ClInclude Include="..\project\engine\effects\particle\ParticleEffect.h">
      <Filter>engine\effects\particle</Filter>
    </ClInclude>
    <ClInclude Include="..\project\engine\effects\particle\ParticleEmitter.h">
      <Filter>engine\effects\particle</Filter>
    </ClInclude>
    <ClInclude Include="..\project\engine\effects\particle\ParticleManager.h">
      <Filter>engine\effects\particle</Filter>
    </ClInclude>
    <ClInclude Include="..\project\engine\effects\particle\ParticleTypes.h">
      <Filter>engine\effects\particle</Filter>
    </ClInclude>
    <ClInclude Include="..\project\engine\effects\particle\dynamic\DynamicInput.h">
      <Filter>engine\effects\particle\dynamic</Filter>
    </ClInclude>
    <ClInclude Include="..\project\engine\effects\particle\editor\ParticleEditor.h">
      <Filter>engine\effects\particle\editor</Filter>
    </ClInclude>
    <ClInclude Include="..\project\engine\effects\particle\gpu\GPUParticlePipeline.h">
      <Filter>engine\effects\particle\gpu</Filter>
    </ClInclude>
    <ClInclude Include="..\project\engine\effects\particle\gpu\GPUSimulator.h">
      <Filter>engine\effects\particle\gpu</Filter>
    </ClInclude>
    <ClInclude Include="..\project\engine\effects\particle\module\IModule.h">
      <Filter>engine\effects\particle\module</Filter>
    </ClInclude>
    <ClInclude Include="..\project\engine\effects\particle\module\ModulePriorities.h">
      <Filter>engine\effects\particle\module</Filter>
    </ClInclude>
    <ClInclude Include="..\project\engine\effects\particle\module\spawn\InitialModules.h">
      <Filter>engine\effects\particle\module\spawn</Filter>
    </ClInclude>
    <ClInclude Include="..\project\engine\effects\particle\module\spawn\SpawnModules.h">
      <Filter>engine\effects\particle\module\spawn</Filter>
    </ClInclude>
    <ClInclude Include="..\project\engine\effects\particle\module\spawn\SpawnShapeModules.h">
      <Filter>engine\effects\particle\module\spawn</Filter>
    </ClInclude>
    <ClInclude Include="..\project\engine\effects\particle\module\spawn\SubEmitterModule.h">
      <Filter>engine\effects\particle\module\spawn</Filter>
    </ClInclude>
    <ClInclude Include="..\project\engine\effects\particle\module\update\AdvancedModules.h">
      <Filter>engine\effects\particle\module\update</Filter>
    </ClInclude>
    <ClInclude Include="..\project\engine\effects\particle\module\update\BehaviorModules.h">
      <Filter>engine\effects\particle\module\update</Filter>
    </ClInclude>
    <ClInclude Include="..\project\engine\effects\particle\module\update\ForceFieldModules.h">
      <Filter>engine\effects\particle\module\update</Filter>
    </ClInclude>
    <ClInclude Include="..\project\engine\effects\particle\module\update\MotionEffectModules.h">
      <Filter>engine\effects\particle\module\update</Filter>
    </ClInclude>
    <ClInclude Include="..\project\engine\effects\particle\module\update\NaturalBehaviorModules.h">
      <Filter>engine\effects\particle\module\update</Filter>
    </ClInclude>
    <ClInclude Include="..\project\engine\effects\particle\module\update\RibbonModules.h">
      <Filter>engine\effects\particle\module\update</Filter>
    </ClInclude>
    <ClInclude Include="..\project\engine\effects\particle\module\update\TextureSheetModule.h">
      <Filter>engine\effects\particle\module\update</Filter>
    </ClInclude>
    <ClInclude Include="..\project\engine\effects\particle\module\update\UpdateModules.h">
      <Filter>engine\effects\particle\module\update</Filter>
    </ClInclude>
    <ClInclude Include="..\project\engine\effects\particle\primitive\PrimitiveGenerator.h">
      <Filter>engine\effects\particle\primitive</Filter>
    </ClInclude>
    <ClInclude Include="..\project\engine\effects\particle\renderer\IRenderer.h">
      <Filter>engine\effects\particle\renderer</Filter>
    </ClInclude>
    <ClInclude Include="..\project\engine\effects\particle\renderer\MeshRenderer.h">
      <Filter>engine\effects\particle\renderer</Filter>
    </ClInclude>
    <ClInclude Include="..\project\engine\effects\particle\renderer\SpriteRenderer.h">
      <Filter>engine\effects\particle\renderer</Filter>
    </ClInclude>
    <ClInclude Include="..\project\engine\effects\particle\renderer\TrailRenderer.h">
      <Filter>engine\effects\particle\renderer</Filter>
    </ClInclude>
    <ClInclude Include="..\project\engine\effects\particle\serialization\ParticleEffectSerializer.h">
      <Filter>engine\effects\particle\serialization</Filter>
    </ClInclude>
    <ClInclude Include="..\project\engine\effects\postprocess\BloomEffect.h">
      <Filter>engine\effects\postprocess</Filter>
    </ClInclude>
    <ClInclude Include="..\project\engine\effects\postprocess\CRTEffect.h">
      <Filter>engine\effects\postprocess</Filter>
    </ClInclude>
    <ClInclude Include="..\project\engine\effects\postprocess\GrayscaleEffect.h">
      <Filter>engine\effects\postprocess</Filter>
    </ClInclude>
    <ClInclude Include="..\project\engine\effects\postprocess\IPostEffect.h">
      <Filter>engine\effects\postprocess</Filter>
    </ClInclude>
    <ClInclude Include="..\project\engine\effects\postprocess\NoiseEffect.h">
      <Filter>engine\effects\postprocess</Filter>
    </ClInclude>
    <ClInclude Include="..\project\engine\effects\postprocess\VignetteEffect.h">
      <Filter>engine\effects\postprocess</Filter>
    </ClInclude>
    <ClInclude Include="..\project\engine\effects\postprocess\base\BasePostEffect.h">
      <Filter>engine\effects\postprocess\base</Filter>
    </ClInclude>
    <ClInclude Include="..\project\engine\framework\Framework.h">
      <Filter>engine\framework</Filter>
    </ClInclude>
    <ClInclude Include="..\project\engine\gameobject\base\GameObject.h">
      <Filter>engine\gameobject\base</Filter>
    </ClInclude>
    <ClInclude Include="..\project\engine\gameobject\component\base\ComponentFactory.h">
      <Filter>engine\gameobject\component\base</Filter>
    </ClInclude>
    <ClInclude Include="..\project\engine\gameobject\component\base\IActionComponent.h">
      <Filter>engine\gameobject\component\base</Filter>
    </ClInclude>
    <ClInclude Include="..\project\engine\gameobject\component\base\ICollisionComponent.h">
      <Filter>engine\gameobject\component\base</Filter>
    </ClInclude>
    <ClInclude Include="..\project\engine\gameobject\component\base\IGameObjectComponent.h">
      <Filter>engine\gameobject\component\base</Filter>
    </ClInclude>
    <ClInclude Include="..\project\engine\gameobject\component\collision\AABBColliderComponent.h">
      <Filter>engine\gameobject\component\collision</Filter>
    </ClInclude>
    <ClInclude Include="..\project\engine\gameobject\component\collision\CollisionAlgorithm.h">
      <Filter>engine\gameobject\component\collision</Filter>
    </ClInclude>
    <ClInclude Include="..\project\engine\gameobject\component\collision\CollisionManager.h">
      <Filter>engine\gameobject\component\collision</Filter>
    </ClInclude>
    <ClInclude Include="..\project\engine\gameobject\component\collision\CollisionUtils.h">
      <Filter>engine\gameobject\component\collision</Filter>
    </ClInclude>
    <ClInclude Include="..\project\engine\gameobject\component\collision\OBBColliderComponent.h">
      <Filter>engine\gameobject\component\collision</Filter>
    </ClInclude>
    <ClInclude Include="..\project\engine\gameobject\component\collision\RayColliderComponent.h">
      <Filter>engine\gameobject\component\collision</Filter>
    </ClInclude>
    <ClInclude Include="..\project\engine\gameobject\component\collision\SphereColliderComponent.h">
      <Filter>engine\gameobject\component\collision</Filter>
    </ClInclude>
    <ClInclude Include="..\project\engine\gameobject\manager\GameObjectManager.h">
      <Filter>engine\gameobject\manager</Filter>
    </ClInclude>
    <ClInclude Include="..\project\engine\graphics\2d\FontSprite.h">
      <Filter>engine\graphics\2d</Filter>
    </ClInclude>
    <ClInclude Include="..\project\engine\graphics\2d\NumberSprite.h">
      <Filter>engine\graphics\2d</Filter>
    </ClInclude>
    <ClInclude Include="..\project\engine\graphics\2d\Sprite.h">
      <Filter>engine\graphics\2d</Filter>
    </ClInclude>
    <ClInclude Include="..\project\engine\graphics\2d\SpriteCommon.h">
      <Filter>engine\graphics\2d</Filter>
    </ClInclude>
    <ClInclude Include="..\project\engine\graphics\3d\InstancedModelRenderer.h">
      <Filter>engine\graphics\3d</Filter>
    </ClInclude>
    <ClInclude Include="..\project\engine\graphics\3d\IRenderable3d.h">
      <Filter>engine\graphics\3d</Filter>
    </ClInclude>
    <ClInclude Include="..\project\engine\graphics\3d\Model.h">
      <Filter>engine\graphics\3d</Filter>
    </ClInclude>
    <ClInclude Include="..\project\engine\graphics\3d\ModelCommon.h">
      <Filter>engine\graphics\3d</Filter>
    </ClInclude>
    <ClInclude Include="..\project\engine\graphics\3d\Object3d.h">
      <Filter>engine\graphics\3d</Filter>
    </ClInclude>
    <ClInclude Include="..\project\engine\graphics\3d\Object3dCommon.h">
      <Filter>engine\graphics\3d</Filter>
    </ClInclude>
    <ClInclude Include="..\project\engine\graphics\3d\SkinnedModel.h">
      <Filter>engine\graphics\3d</Filter>
    </ClInclude>
    <ClInclude Include="..\project\engine\graphics\3d\SkinnedObject3d.h">
      <Filter>engine\graphics\3d</Filter>
    </ClInclude>
    <ClInclude Include="..\project\engine\graphics\3d\SkinningCompute.h">
      <Filter>engine\graphics\3d</Filter>
    </ClInclude>
    <ClInclude Include="..\project\engine\graphics\3d\Skybox.h">
      <Filter>engine\graphics\3d</Filter>
    </ClInclude>
    <ClInclude Include="..\project\engine\graphics\deferred\DeferredRenderer.h">
      <Filter>engine\graphics\deferred</Filter>
    </ClInclude>
    <ClInclude Include="..\project\engine\graphics\deferred\GBuffer.h">
      <Filter>engine\graphics\deferred</Filter>
    </ClInclude>
    <ClInclude Include="..\project\engine\graphics\deferred\GBufferPipeline.h">
      <Filter>engine\graphics\deferred</Filter>
    </ClInclude>
    <ClInclude Include="..\project\engine\graphics\deferred\LightPassPipeline.h">
      <Filter>engine\graphics\deferred</Filter>
    </ClInclude>
    <ClInclude Include="..\project\engine\graphics\shadow\ShadowMap.h">
      <Filter>engine\graphics\shadow</Filter>
    </ClInclude>
    <ClInclude Include="..\project\engine\graphics\shadow\ShadowMapPipeline.h">
      <Filter>engine\graphics\shadow</Filter>
    </ClInclude>
    <ClInclude Include="..\project\engine\graphics\shadow\ShadowSystem.h">
      <Filter>engine\graphics\shadow</Filter>
    </ClInclude>
    <ClInclude Include="..\project\engine\input\Input.h">
      <Filter>engine\input</Filter>
    </ClInclude>
    <ClInclude Include="..\project\engine\jsonEditor\IJsonEditable.h">
      <Filter>engine\jsonEditor</Filter>
    </ClInclude>
    <ClInclude Include="..\project\engine\jsonEditor\JsonEditableBase.h">
      <Filter>engine\jsonEditor</Filter>
    </ClInclude>
    <ClInclude Include="..\project\engine\jsonEditor\JsonEditorImGuiUtils.h">
      <Filter>engine\jsonEditor</Filter>
    </ClInclude>
    <ClInclude Include="..\project\engine\jsonEditor\JsonSerialization.h">
      <Filter>engine\jsonEditor</Filter>
    </ClInclude>
    <ClInclude Include="..\project\engine\light\DirectionalLight.h">
      <Filter>engine\light</Filter>
    </ClInclude>
    <ClInclude Include="..\project\engine\light\LightConstants.h">
      <Filter>engine\light</Filter>
    </ClInclude>
    <ClInclude Include="..\project\engine\light\PointLight.h">
      <Filter>engine\light</Filter>
    </ClInclude>
    <ClInclude Include="..\project\engine\light\SpotLight.h">
      <Filter>engine\light</Filter>
    </ClInclude>
    <ClInclude Include="..\project\engine\line\Line.h">
      <Filter>engine\line</Filter>
    </ClInclude>
    <ClInclude Include="..\project\engine\line\LineCommon.h">
      <Filter>engine\line</Filter>
    </ClInclude>
    <ClInclude Include="..\project\engine\manager\editor\ConsoleLog.h">
      <Filter>engine\manager\editor</Filter>
    </ClInclude>
    <ClInclude Include="..\project\engine\manager\editor\DebugUIManager.h">
      <Filter>engine\manager\editor</Filter>
    </ClInclude>
    <ClInclude Include="..\project\engine\manager\editor\GameObjectEditor.h">
      <Filter>engine\manager\editor</Filter>
    </ClInclude>
    <ClInclude Include="..\project\engine\manager\editor\ImGuiManager.h">
      <Filter>engine\manager\editor</Filter>
    </ClInclude>
    <ClInclude Include="..\project\engine\manager\editor\JsonEditor.h">
      <Filter>engine\manager\editor</Filter>
    </ClInclude>
    <ClInclude Include="..\project\engine\manager\effect\ParticlePipelineManager.h">
      <Filter>engine\manager\effect</Filter>
    </ClInclude>
    <ClInclude Include="..\project\engine\manager\effect\PostProcessManager.h">
      <Filter>engine\manager\effect</Filter>
    </ClInclude>
    <ClInclude Include="..\project\engine\manager\graphics\InstancedModelPipelineManager.h">
      <Filter>engine\manager\graphics</Filter>
    </ClInclude>
    <ClInclude Include="..\project\engine\manager\graphics\LineManager.h">
      <Filter>engine\manager\graphics</Filter>
    </ClInclude>
    <ClInclude Include="..\project\engine\manager\graphics\ModelManager.h">
      <Filter>engine\manager\graphics</Filter>
    </ClInclude>
    <ClInclude Include="..\project\engine\manager\graphics\ShadowMapManager.h">
      <Filter>engine\manager\graphics</Filter>
    </ClInclude>
    <ClInclude Include="..\project\engine\manager\graphics\SkinnedModelManager.h">
      <Filter>engine\manager\graphics</Filter>
    </ClInclude>
    <ClInclude Include="..\project\engine\manager\graphics\SkinningPipelineManager.h">
      <Filter>engine\manager\graphics</Filter>
    </ClInclude>
    <ClInclude Include="..\project\engine\manager\graphics\TextureManager.h">
      <Filter>engine\manager\graphics</Filter>
    </ClInclude>
    <ClInclude Include="..\project\engine\manager\scene\CameraManager.h">
      <Filter>engine\manager\scene</Filter>
    </ClInclude>
    <ClInclude Include="..\project\engine\manager\scene\LightManager.h">
      <Filter>engine\manager\scene</Filter>
    </ClInclude>
    <ClInclude Include="..\project\engine\manager\system\SrvManager.h">
      <Filter>engine\manager\system</Filter>
    </ClInclude>
    <ClInclude Include="..\project\engine\math\AABB.h">
      <Filter>engine\math</Filter>
    </ClInclude>
    <ClInclude Include="..\project\engine\math\BlendMode.h">
      <Filter>engine\math</Filter>
    </ClInclude>
    <ClInclude Include="..\project\engine\math\Easing.h">
      <Filter>engine\math</Filter>
    </ClInclude>
    <ClInclude Include="..\project\engine\math\MathUtils.h">
      <Filter>engine\math</Filter>
    </ClInclude>
    <ClInclude Include="..\project\engine\math\MatrixFunc.h">
      <Filter>engine\math</Filter>
    </ClInclude>
    <ClInclude Include="..\project\engine\math\OBB.h">
      <Filter>engine\math</Filter>
    </ClInclude>
    <ClInclude Include="..\project\engine\math\Quaternion.h">
      <Filter>engine\math</Filter>
    </ClInclude>
    <ClInclude Include="..\project\engine\math\Ray.h">
      <Filter>engine\math</Filter>
    </ClInclude>
    <ClInclude Include="..\project\engine\math\Sphere.h">
      <Filter>engine\math</Filter>
    </ClInclude>
    <ClInclude Include="..\project\engine\math\Vector2.h">
      <Filter>engine\math</Filter>
    </ClInclude>
    <ClInclude Include="..\project\engine\math\Vector3.h">
      <Filter>engine\math</Filter>
    </ClInclude>
    <ClInclude Include="..\project\engine\math\Vector4.h">
      <Filter>engine\math</Filter>
    </ClInclude>
    <ClInclude Include="..\project\engine\math\VectorColorCodes.h">
      <Filter>engine\math</Filter>
    </ClInclude>
    <ClInclude Include="..\project\engine\scene\MyGame.h">
      <Filter>engine\scene</Filter>
    </ClInclude>
    <ClInclude Include="..\project\engine\scene\SceneContext.h">
      <Filter>engine\scene</Filter>
    </ClInclude>
    <ClInclude Include="..\project\engine\scene\factory\SceneFactory.h">
      <Filter>engine\scene\factory</Filter>
    </ClInclude>
    <ClInclude Include="..\project\engine\scene\factory\SceneNames.h">
      <Filter>engine\scene\factory</Filter>
    </ClInclude>
    <ClInclude Include="..\project\engine\scene\interface\AbstractSceneFactory.h">
      <Filter>engine\scene\interface</Filter>
    </ClInclude>
    <ClInclude Include="..\project\engine\scene\interface\BaseScene.h">
      <Filter>engine\scene\interface</Filter>
    </ClInclude>
    <ClInclude Include="..\project\engine\scene\manager\SceneManager.h">
      <Filter>engine\scene\manager</Filter>
    </ClInclude>
    <ClInclude Include="..\project\engine\time\TimeManager.h">
      <Filter>engine\time</Filter>
    </ClInclude>
    <ClInclude Include="..\project\engine\time\Timer.h">
      <Filter>engine\time</Filter>
    </ClInclude>
    <ClInclude Include="..\project\engine\time\TimerManager.h">
      <Filter>engine\time</Filter>
    </ClInclude>
  </ItemGroup>
</Project>